
Microsoft Visual Studio Solution File, Format Version 12.00
# Visual Studio Version 17
VisualStudioVersion = 17.3.32901.215
MinimumVisualStudioVersion = 10.0.40219.1
<<<<<<< HEAD
Project("{9A19103F-16F7-4668-BE54-9A1E7A4F7556}") = "Companions.MAUI", "Companions.MAUI\Companions.MAUI.csproj", "{B06B9F32-C18D-4549-AE11-FB3D2ECCD8BD}"
=======
Project("{FAE04EC0-301F-11D3-BF4B-00C04F79EFBC}") = "Companions.API", "Companions.API\Companions.API.csproj", "{038CE372-96CB-445B-9D0B-4B1D2D5A5913}"
EndProject
Project("{FAE04EC0-301F-11D3-BF4B-00C04F79EFBC}") = "Companions.DAL", "Companions.DAL\Companions.DAL.csproj", "{17DC508A-E568-4EA7-80F9-B1CAADE0DCC2}"
EndProject
Project("{FAE04EC0-301F-11D3-BF4B-00C04F79EFBC}") = "Companions.Domain", "Companions.Domain\Companions.Domain.csproj", "{5C966D58-A4E1-44E3-A308-EF797F1D6560}"
>>>>>>> api
EndProject
Global
	GlobalSection(SolutionConfigurationPlatforms) = preSolution
		Debug|Any CPU = Debug|Any CPU
		Release|Any CPU = Release|Any CPU
	EndGlobalSection
	GlobalSection(ProjectConfigurationPlatforms) = postSolution
<<<<<<< HEAD
		{B06B9F32-C18D-4549-AE11-FB3D2ECCD8BD}.Debug|Any CPU.ActiveCfg = Debug|Any CPU
		{B06B9F32-C18D-4549-AE11-FB3D2ECCD8BD}.Debug|Any CPU.Build.0 = Debug|Any CPU
		{B06B9F32-C18D-4549-AE11-FB3D2ECCD8BD}.Debug|Any CPU.Deploy.0 = Debug|Any CPU
		{B06B9F32-C18D-4549-AE11-FB3D2ECCD8BD}.Release|Any CPU.ActiveCfg = Release|Any CPU
		{B06B9F32-C18D-4549-AE11-FB3D2ECCD8BD}.Release|Any CPU.Build.0 = Release|Any CPU
=======
		{038CE372-96CB-445B-9D0B-4B1D2D5A5913}.Debug|Any CPU.ActiveCfg = Debug|Any CPU
		{038CE372-96CB-445B-9D0B-4B1D2D5A5913}.Debug|Any CPU.Build.0 = Debug|Any CPU
		{038CE372-96CB-445B-9D0B-4B1D2D5A5913}.Release|Any CPU.ActiveCfg = Release|Any CPU
		{038CE372-96CB-445B-9D0B-4B1D2D5A5913}.Release|Any CPU.Build.0 = Release|Any CPU
		{17DC508A-E568-4EA7-80F9-B1CAADE0DCC2}.Debug|Any CPU.ActiveCfg = Debug|Any CPU
		{17DC508A-E568-4EA7-80F9-B1CAADE0DCC2}.Debug|Any CPU.Build.0 = Debug|Any CPU
		{17DC508A-E568-4EA7-80F9-B1CAADE0DCC2}.Release|Any CPU.ActiveCfg = Release|Any CPU
		{17DC508A-E568-4EA7-80F9-B1CAADE0DCC2}.Release|Any CPU.Build.0 = Release|Any CPU
		{5C966D58-A4E1-44E3-A308-EF797F1D6560}.Debug|Any CPU.ActiveCfg = Debug|Any CPU
		{5C966D58-A4E1-44E3-A308-EF797F1D6560}.Debug|Any CPU.Build.0 = Debug|Any CPU
		{5C966D58-A4E1-44E3-A308-EF797F1D6560}.Release|Any CPU.ActiveCfg = Release|Any CPU
		{5C966D58-A4E1-44E3-A308-EF797F1D6560}.Release|Any CPU.Build.0 = Release|Any CPU
>>>>>>> api
	EndGlobalSection
	GlobalSection(SolutionProperties) = preSolution
		HideSolutionNode = FALSE
	EndGlobalSection
	GlobalSection(ExtensibilityGlobals) = postSolution
		SolutionGuid = {A8C36550-E0CD-460F-B5D7-1FCE774529A8}
	EndGlobalSection
EndGlobal
